// !$*UTF8*$!
{
	archiveVersion = 1;
	classes = {
	};
	objectVersion = 77;
	objects = {

/* Begin PBXBuildFile section */
		AFB00001 /* AfterPartyApp.swift in Sources */ = {isa = PBXBuildFile; fileRef = AFF00001 /* AfterPartyApp.swift */; };
		AFB00002 /* DrinkEntry.swift in Sources */ = {isa = PBXBuildFile; fileRef = AFF00002 /* DrinkEntry.swift */; };
		AFB00003 /* SessionContext.swift in Sources */ = {isa = PBXBuildFile; fileRef = AFF00003 /* SessionContext.swift */; };
		AFB00004 /* DrinkingSession.swift in Sources */ = {isa = PBXBuildFile; fileRef = AFF00004 /* DrinkingSession.swift */; };
		AFB00005 /* HealthMetric.swift in Sources */ = {isa = PBXBuildFile; fileRef = AFF00005 /* HealthMetric.swift */; };
		AFB00006 /* Baseline.swift in Sources */ = {isa = PBXBuildFile; fileRef = AFF00006 /* Baseline.swift */; };
		AFB00007 /* AIAnalysis.swift in Sources */ = {isa = PBXBuildFile; fileRef = AFF00007 /* AIAnalysis.swift */; };
		AFB00008 /* HealthDataService.swift in Sources */ = {isa = PBXBuildFile; fileRef = AFF00008 /* HealthDataService.swift */; };
		AFB00009 /* MockHealthDataService.swift in Sources */ = {isa = PBXBuildFile; fileRef = AFF00009 /* MockHealthDataService.swift */; };
		AFB0000A /* AIAnalysisService.swift in Sources */ = {isa = PBXBuildFile; fileRef = AFF0000A /* AIAnalysisService.swift */; };
		AFB0000B /* MockAIAnalysisService.swift in Sources */ = {isa = PBXBuildFile; fileRef = AFF0000B /* MockAIAnalysisService.swift */; };
		AFB0000C /* MockSessions.swift in Sources */ = {isa = PBXBuildFile; fileRef = AFF0000C /* MockSessions.swift */; };
		AFB0000D /* SessionStore.swift in Sources */ = {isa = PBXBuildFile; fileRef = AFF0000D /* SessionStore.swift */; };
		AFB0000E /* HomeViewModel.swift in Sources */ = {isa = PBXBuildFile; fileRef = AFF0000E /* HomeViewModel.swift */; };
		AFB0000F /* SessionViewModel.swift in Sources */ = {isa = PBXBuildFile; fileRef = AFF0000F /* SessionViewModel.swift */; };
		AFB00010 /* AnalysisViewModel.swift in Sources */ = {isa = PBXBuildFile; fileRef = AFF00010 /* AnalysisViewModel.swift */; };
		AFB00011 /* MetricCard.swift in Sources */ = {isa = PBXBuildFile; fileRef = AFF00011 /* MetricCard.swift */; };
		AFB00012 /* DrinkRow.swift in Sources */ = {isa = PBXBuildFile; fileRef = AFF00012 /* DrinkRow.swift */; };
		AFB00013 /* ContextChip.swift in Sources */ = {isa = PBXBuildFile; fileRef = AFF00013 /* ContextChip.swift */; };
		AFB00014 /* ComparisonRow.swift in Sources */ = {isa = PBXBuildFile; fileRef = AFF00014 /* ComparisonRow.swift */; };
		AFB00015 /* MetricChart.swift in Sources */ = {isa = PBXBuildFile; fileRef = AFF00015 /* MetricChart.swift */; };
		AFB00016 /* HomeView.swift in Sources */ = {isa = PBXBuildFile; fileRef = AFF00016 /* HomeView.swift */; };
		AFB00017 /* CreateSessionView.swift in Sources */ = {isa = PBXBuildFile; fileRef = AFF00017 /* CreateSessionView.swift */; };
		AFB00018 /* AddDrinkView.swift in Sources */ = {isa = PBXBuildFile; fileRef = AFF00018 /* AddDrinkView.swift */; };
		AFB00019 /* HistoryView.swift in Sources */ = {isa = PBXBuildFile; fileRef = AFF00019 /* HistoryView.swift */; };
		AFB0001A /* SessionDetailView.swift in Sources */ = {isa = PBXBuildFile; fileRef = AFF0001A /* SessionDetailView.swift */; };
		AFB0001B /* ComparisonView.swift in Sources */ = {isa = PBXBuildFile; fileRef = AFF0001B /* ComparisonView.swift */; };
		AFB0001C /* TimelineView.swift in Sources */ = {isa = PBXBuildFile; fileRef = AFF0001C /* TimelineView.swift */; };
		AFB0001D /* AIAnalysisView.swift in Sources */ = {isa = PBXBuildFile; fileRef = AFF0001D /* AIAnalysisView.swift */; };
		AFB0001E /* UserAnalysis.swift in Sources */ = {isa = PBXBuildFile; fileRef = AFF00020 /* UserAnalysis.swift */; };
		AFB0001F /* UserAnalysisService.swift in Sources */ = {isa = PBXBuildFile; fileRef = AFF00021 /* UserAnalysisService.swift */; };
		AFB00020 /* MockUserAnalysisService.swift in Sources */ = {isa = PBXBuildFile; fileRef = AFF00022 /* MockUserAnalysisService.swift */; };
		AFB00021 /* UserAnalysisView.swift in Sources */ = {isa = PBXBuildFile; fileRef = AFF00023 /* UserAnalysisView.swift */; };
/* End PBXBuildFile section */

/* Begin PBXFileReference section */
		AFF00001 /* AfterPartyApp.swift */ = {isa = PBXFileReference; lastKnownFileType = sourcecode.swift; path = AfterPartyApp.swift; sourceTree = "<group>"; };
		AFF00002 /* DrinkEntry.swift */ = {isa = PBXFileReference; lastKnownFileType = sourcecode.swift; path = DrinkEntry.swift; sourceTree = "<group>"; };
		AFF00003 /* SessionContext.swift */ = {isa = PBXFileReference; lastKnownFileType = sourcecode.swift; path = SessionContext.swift; sourceTree = "<group>"; };
		AFF00004 /* DrinkingSession.swift */ = {isa = PBXFileReference; lastKnownFileType = sourcecode.swift; path = DrinkingSession.swift; sourceTree = "<group>"; };
		AFF00005 /* HealthMetric.swift */ = {isa = PBXFileReference; lastKnownFileType = sourcecode.swift; path = HealthMetric.swift; sourceTree = "<group>"; };
		AFF00006 /* Baseline.swift */ = {isa = PBXFileReference; lastKnownFileType = sourcecode.swift; path = Baseline.swift; sourceTree = "<group>"; };
		AFF00007 /* AIAnalysis.swift */ = {isa = PBXFileReference; lastKnownFileType = sourcecode.swift; path = AIAnalysis.swift; sourceTree = "<group>"; };
		AFF00008 /* HealthDataService.swift */ = {isa = PBXFileReference; lastKnownFileType = sourcecode.swift; path = HealthDataService.swift; sourceTree = "<group>"; };
		AFF00009 /* MockHealthDataService.swift */ = {isa = PBXFileReference; lastKnownFileType = sourcecode.swift; path = MockHealthDataService.swift; sourceTree = "<group>"; };
		AFF0000A /* AIAnalysisService.swift */ = {isa = PBXFileReference; lastKnownFileType = sourcecode.swift; path = AIAnalysisService.swift; sourceTree = "<group>"; };
		AFF0000B /* MockAIAnalysisService.swift */ = {isa = PBXFileReference; lastKnownFileType = sourcecode.swift; path = MockAIAnalysisService.swift; sourceTree = "<group>"; };
		AFF0000C /* MockSessions.swift */ = {isa = PBXFileReference; lastKnownFileType = sourcecode.swift; path = MockSessions.swift; sourceTree = "<group>"; };
		AFF0000D /* SessionStore.swift */ = {isa = PBXFileReference; lastKnownFileType = sourcecode.swift; path = SessionStore.swift; sourceTree = "<group>"; };
		AFF0000E /* HomeViewModel.swift */ = {isa = PBXFileReference; lastKnownFileType = sourcecode.swift; path = HomeViewModel.swift; sourceTree = "<group>"; };
		AFF0000F /* SessionViewModel.swift */ = {isa = PBXFileReference; lastKnownFileType = sourcecode.swift; path = SessionViewModel.swift; sourceTree = "<group>"; };
		AFF00010 /* AnalysisViewModel.swift */ = {isa = PBXFileReference; lastKnownFileType = sourcecode.swift; path = AnalysisViewModel.swift; sourceTree = "<group>"; };
		AFF00011 /* MetricCard.swift */ = {isa = PBXFileReference; lastKnownFileType = sourcecode.swift; path = MetricCard.swift; sourceTree = "<group>"; };
		AFF00012 /* DrinkRow.swift */ = {isa = PBXFileReference; lastKnownFileType = sourcecode.swift; path = DrinkRow.swift; sourceTree = "<group>"; };
		AFF00013 /* ContextChip.swift */ = {isa = PBXFileReference; lastKnownFileType = sourcecode.swift; path = ContextChip.swift; sourceTree = "<group>"; };
		AFF00014 /* ComparisonRow.swift */ = {isa = PBXFileReference; lastKnownFileType = sourcecode.swift; path = ComparisonRow.swift; sourceTree = "<group>"; };
		AFF00015 /* MetricChart.swift */ = {isa = PBXFileReference; lastKnownFileType = sourcecode.swift; path = MetricChart.swift; sourceTree = "<group>"; };
		AFF00016 /* HomeView.swift */ = {isa = PBXFileReference; lastKnownFileType = sourcecode.swift; path = HomeView.swift; sourceTree = "<group>"; };
		AFF00017 /* CreateSessionView.swift */ = {isa = PBXFileReference; lastKnownFileType = sourcecode.swift; path = CreateSessionView.swift; sourceTree = "<group>"; };
		AFF00018 /* AddDrinkView.swift */ = {isa = PBXFileReference; lastKnownFileType = sourcecode.swift; path = AddDrinkView.swift; sourceTree = "<group>"; };
		AFF00019 /* HistoryView.swift */ = {isa = PBXFileReference; lastKnownFileType = sourcecode.swift; path = HistoryView.swift; sourceTree = "<group>"; };
		AFF0001A /* SessionDetailView.swift */ = {isa = PBXFileReference; lastKnownFileType = sourcecode.swift; path = SessionDetailView.swift; sourceTree = "<group>"; };
		AFF0001B /* ComparisonView.swift */ = {isa = PBXFileReference; lastKnownFileType = sourcecode.swift; path = ComparisonView.swift; sourceTree = "<group>"; };
		AFF0001C /* TimelineView.swift */ = {isa = PBXFileReference; lastKnownFileType = sourcecode.swift; path = TimelineView.swift; sourceTree = "<group>"; };
		AFF0001D /* AIAnalysisView.swift */ = {isa = PBXFileReference; lastKnownFileType = sourcecode.swift; path = AIAnalysisView.swift; sourceTree = "<group>"; };
		AFF0001F /* AfterParty.app */ = {isa = PBXFileReference; explicitFileType = wrapper.application; includeInIndex = 0; path = AfterParty.app; sourceTree = BUILT_PRODUCTS_DIR; };
		AFF00020 /* UserAnalysis.swift */ = {isa = PBXFileReference; lastKnownFileType = sourcecode.swift; path = UserAnalysis.swift; sourceTree = "<group>"; };
		AFF00021 /* UserAnalysisService.swift */ = {isa = PBXFileReference; lastKnownFileType = sourcecode.swift; path = UserAnalysisService.swift; sourceTree = "<group>"; };
		AFF00022 /* MockUserAnalysisService.swift */ = {isa = PBXFileReference; lastKnownFileType = sourcecode.swift; path = MockUserAnalysisService.swift; sourceTree = "<group>"; };
		AFF00023 /* UserAnalysisView.swift */ = {isa = PBXFileReference; lastKnownFileType = sourcecode.swift; path = UserAnalysisView.swift; sourceTree = "<group>"; };
/* End PBXFileReference section */

/* Begin PBXFrameworksBuildPhase section */
		AF000003 /* Frameworks */ = {
			isa = PBXFrameworksBuildPhase;
			buildActionMask = 2147483647;
			files = (
			);
			runOnlyForDeploymentPostprocessing = 0;
		};
/* End PBXFrameworksBuildPhase section */

/* Begin PBXGroup section */
		AF000001 = {
			isa = PBXGroup;
			children = (
				AF000010 /* AfterParty */,
				AF000002 /* Products */,
			);
			sourceTree = "<group>";
		};
		AF000002 /* Products */ = {
			isa = PBXGroup;
			children = (
				AFF0001F /* AfterParty.app */,
			);
			name = Products;
			sourceTree = "<group>";
		};
		AF000010 /* AfterParty */ = {
			isa = PBXGroup;
			children = (
				AFF00001 /* AfterPartyApp.swift */,
				AF000011 /* Models */,
				AF000012 /* Services */,
				AF000013 /* ViewModels */,
				AF000014 /* Views */,
				AF000015 /* Components */,
				AF000016 /* MockData */,
			);
			path = AfterParty;
			sourceTree = "<group>";
		};
		AF000011 /* Models */ = {
			isa = PBXGroup;
			children = (
				AFF00007 /* AIAnalysis.swift */,
				AFF00006 /* Baseline.swift */,
				AFF00002 /* DrinkEntry.swift */,
				AFF00004 /* DrinkingSession.swift */,
				AFF00005 /* HealthMetric.swift */,
				AFF00003 /* SessionContext.swift */,
				AFF00020 /* UserAnalysis.swift */,
			);
			path = Models;
			sourceTree = "<group>";
		};
		AF000012 /* Services */ = {
			isa = PBXGroup;
			children = (
				AFF0000A /* AIAnalysisService.swift */,
				AFF00008 /* HealthDataService.swift */,
				AFF0000B /* MockAIAnalysisService.swift */,
				AFF00009 /* MockHealthDataService.swift */,
				AFF00022 /* MockUserAnalysisService.swift */,
				AFF00021 /* UserAnalysisService.swift */,
			);
			path = Services;
			sourceTree = "<group>";
		};
		AF000013 /* ViewModels */ = {
			isa = PBXGroup;
			children = (
				AFF00010 /* AnalysisViewModel.swift */,
				AFF0000E /* HomeViewModel.swift */,
				AFF0000D /* SessionStore.swift */,
				AFF0000F /* SessionViewModel.swift */,
			);
			path = ViewModels;
			sourceTree = "<group>";
		};
		AF000014 /* Views */ = {
			isa = PBXGroup;
			children = (
				AFF0001D /* AIAnalysisView.swift */,
				AFF00018 /* AddDrinkView.swift */,
				AFF0001B /* ComparisonView.swift */,
				AFF00017 /* CreateSessionView.swift */,
				AFF00019 /* HistoryView.swift */,
				AFF00016 /* HomeView.swift */,
				AFF0001A /* SessionDetailView.swift */,
				AFF0001C /* TimelineView.swift */,
				AFF00023 /* UserAnalysisView.swift */,
			);
			path = Views;
			sourceTree = "<group>";
		};
		AF000015 /* Components */ = {
			isa = PBXGroup;
			children = (
				AFF00014 /* ComparisonRow.swift */,
				AFF00013 /* ContextChip.swift */,
				AFF00012 /* DrinkRow.swift */,
				AFF00015 /* MetricChart.swift */,
				AFF00011 /* MetricCard.swift */,
			);
			path = Components;
			sourceTree = "<group>";
		};
		AF000016 /* MockData */ = {
			isa = PBXGroup;
			children = (
				AFF0000C /* MockSessions.swift */,
			);
			path = MockData;
			sourceTree = "<group>";
		};
/* End PBXGroup section */

/* Begin PBXNativeTarget section */
		AF000004 /* AfterParty */ = {
			isa = PBXNativeTarget;
			buildConfigurationList = AF000030 /* Build configuration list for PBXNativeTarget "AfterParty" */;
			buildPhases = (
				AF000005 /* Sources */,
				AF000003 /* Frameworks */,
				AF000006 /* Resources */,
			);
			buildRules = (
			);
			dependencies = (
			);
			name = AfterParty;
			productName = AfterParty;
			productReference = AFF0001F /* AfterParty.app */;
			productType = "com.apple.product-type.application";
		};
/* End PBXNativeTarget section */

/* Begin PBXProject section */
		AF000000 /* Project object */ = {
			isa = PBXProject;
			attributes = {
				BuildIndependentTargetsInParallel = 1;
				LastSwiftUpdateCheck = 2640;
				LastUpgradeCheck = 2640;
				TargetAttributes = {
					AF000004 = {
						CreatedOnToolsVersion = 26.4;
					};
				};
			};
			buildConfigurationList = AF000020 /* Build configuration list for PBXProject "AfterParty" */;
			compatibilityVersion = "Xcode 16.0";
			developmentRegion = en;
			hasScannedForEncodings = 0;
			knownRegions = (
				en,
				Base,
			);
			mainGroup = AF000001;
			minimizedProjectReferenceProxies = 1;
			preferredProjectObjectVersion = 77;
			productRefGroup = AF000002 /* Products */;
			projectDirPath = "";
			projectRoot = "";
			targets = (
				AF000004 /* AfterParty */,
			);
		};
/* End PBXProject section */

/* Begin PBXResourcesBuildPhase section */
		AF000006 /* Resources */ = {
			isa = PBXResourcesBuildPhase;
			buildActionMask = 2147483647;
			files = (
			);
			runOnlyForDeploymentPostprocessing = 0;
		};
/* End PBXResourcesBuildPhase section */

/* Begin PBXSourcesBuildPhase section */
		AF000005 /* Sources */ = {
			isa = PBXSourcesBuildPhase;
			buildActionMask = 2147483647;
			files = (
				AFB00001 /* AfterPartyApp.swift in Sources */,
				AFB00002 /* DrinkEntry.swift in Sources */,
				AFB00003 /* SessionContext.swift in Sources */,
				AFB00004 /* DrinkingSession.swift in Sources */,
				AFB00005 /* HealthMetric.swift in Sources */,
				AFB00006 /* Baseline.swift in Sources */,
				AFB00007 /* AIAnalysis.swift in Sources */,
				AFB00008 /* HealthDataService.swift in Sources */,
				AFB00009 /* MockHealthDataService.swift in Sources */,
				AFB0000A /* AIAnalysisService.swift in Sources */,
				AFB0000B /* MockAIAnalysisService.swift in Sources */,
				AFB0000C /* MockSessions.swift in Sources */,
				AFB0000D /* SessionStore.swift in Sources */,
				AFB0000E /* HomeViewModel.swift in Sources */,
				AFB0000F /* SessionViewModel.swift in Sources */,
				AFB00010 /* AnalysisViewModel.swift in Sources */,
				AFB00011 /* MetricCard.swift in Sources */,
				AFB00012 /* DrinkRow.swift in Sources */,
				AFB00013 /* ContextChip.swift in Sources */,
				AFB00014 /* ComparisonRow.swift in Sources */,
				AFB00015 /* MetricChart.swift in Sources */,
				AFB00016 /* HomeView.swift in Sources */,
				AFB00017 /* CreateSessionView.swift in Sources */,
				AFB00018 /* AddDrinkView.swift in Sources */,
				AFB00019 /* HistoryView.swift in Sources */,
				AFB0001A /* SessionDetailView.swift in Sources */,
				AFB0001B /* ComparisonView.swift in Sources */,
				AFB0001C /* TimelineView.swift in Sources */,
				AFB0001D /* AIAnalysisView.swift in Sources */,
				AFB0001E /* UserAnalysis.swift in Sources */,
				AFB0001F /* UserAnalysisService.swift in Sources */,
				AFB00020 /* MockUserAnalysisService.swift in Sources */,
				AFB00021 /* UserAnalysisView.swift in Sources */,
			);
			runOnlyForDeploymentPostprocessing = 0;
		};
/* End PBXSourcesBuildPhase section */

/* Begin XCBuildConfiguration section */
		AF000021 /* Debug */ = {
			isa = XCBuildConfiguration;
			buildSettings = {
				ALWAYS_SEARCH_USER_PATHS = NO;
				CLANG_ANALYZER_NONNULL = YES;
				CLANG_CXX_LANGUAGE_STANDARD = "gnu++20";
				CLANG_ENABLE_MODULES = YES;
				CLANG_ENABLE_OBJC_ARC = YES;
				CLANG_ENABLE_OBJC_WEAK = YES;
				CLANG_WARN_BLOCK_CAPTURE_AUTORELEASING = YES;
				CLANG_WARN_BOOL_CONVERSION = YES;
				CLANG_WARN_COMMA = YES;
				CLANG_WARN_CONSTANT_CONVERSION = YES;
				CLANG_WARN_DEPRECATED_OBJC_IMPLEMENTATIONS = YES;
				CLANG_WARN_DIRECT_OBJC_ISA_USAGE = YES_ERROR;
				CLANG_WARN_DOCUMENTATION_COMMENTS = YES;
				CLANG_WARN_EMPTY_BODY = YES;
				CLANG_WARN_ENUM_CONVERSION = YES;
				CLANG_WARN_INFINITE_RECURSION = YES;
				CLANG_WARN_INT_CONVERSION = YES;
				CLANG_WARN_NON_LITERAL_NULL_CONVERSION = YES;
				CLANG_WARN_OBJC_IMPLICIT_RETAIN_SELF = YES;
				CLANG_WARN_OBJC_LITERAL_CONVERSION = YES;
				CLANG_WARN_OBJC_ROOT_CLASS = YES_ERROR;
				CLANG_WARN_QUOTED_INCLUDE_IN_FRAMEWORK_HEADER = YES;
				CLANG_WARN_RANGE_LOOP_ANALYSIS = YES;
				CLANG_WARN_STRICT_PROTOTYPES = YES;
				CLANG_WARN_SUSPICIOUS_MOVE = YES;
				CLANG_WARN_UNGUARDED_AVAILABILITY = YES_AGGRESSIVE;
				CLANG_WARN_UNREACHABLE_CODE = YES;
				CLANG_WARN__DUPLICATE_METHOD_MATCH = YES;
				COPY_PHASE_STRIP = NO;
				DEBUG_INFORMATION_FORMAT = dwarf;
				ENABLE_STRICT_OBJC_MSGSEND = YES;
				ENABLE_TESTABILITY = YES;
				GCC_C_LANGUAGE_STANDARD = gnu17;
				GCC_DYNAMIC_NO_PIC = NO;
				GCC_NO_COMMON_BLOCKS = YES;
				GCC_OPTIMIZATION_LEVEL = 0;
				GCC_PREPROCESSOR_DEFINITIONS = (
					"DEBUG=1",
					"$(inherited)",
				);
				GCC_WARN_64_TO_32_BIT_CONVERSION = YES;
				GCC_WARN_ABOUT_RETURN_TYPE = YES_ERROR;
				GCC_WARN_UNDECLARED_SELECTOR = YES;
				GCC_WARN_UNINITIALIZED_AUTOS = YES_AGGRESSIVE;
				GCC_WARN_UNUSED_FUNCTION = YES;
				GCC_WARN_UNUSED_VARIABLE = YES;
				IPHONEOS_DEPLOYMENT_TARGET = 17.0;
				LOCALIZATION_PREFERS_STRING_CATALOGS = YES;
				MTL_ENABLE_DEBUG_INFO = INCLUDE_SOURCE;
				MTL_FAST_MATH = YES;
				ONLY_ACTIVE_ARCH = YES;
				SDKROOT = iphoneos;
				SWIFT_ACTIVE_COMPILATION_CONDITIONS = "DEBUG $(inherited)";
				SWIFT_OPTIMIZATION_LEVEL = "-Onone";
			};
			name = Debug;
		};
		AF000022 /* Release */ = {
			isa = XCBuildConfiguration;
			buildSettings = {
				ALWAYS_SEARCH_USER_PATHS = NO;
				CLANG_ANALYZER_NONNULL = YES;
				CLANG_CXX_LANGUAGE_STANDARD = "gnu++20";
				CLANG_ENABLE_MODULES = YES;
				CLANG_ENABLE_OBJC_ARC = YES;
				CLANG_ENABLE_OBJC_WEAK = YES;
				CLANG_WARN_BLOCK_CAPTURE_AUTORELEASING = YES;
				CLANG_WARN_BOOL_CONVERSION = YES;
				CLANG_WARN_COMMA = YES;
				CLANG_WARN_CONSTANT_CONVERSION = YES;
				CLANG_WARN_DEPRECATED_OBJC_IMPLEMENTATIONS = YES;
				CLANG_WARN_DIRECT_OBJC_ISA_USAGE = YES_ERROR;
				CLANG_WARN_DOCUMENTATION_COMMENTS = YES;
				CLANG_WARN_EMPTY_BODY = YES;
				CLANG_WARN_ENUM_CONVERSION = YES;
				CLANG_WARN_INFINITE_RECURSION = YES;
				CLANG_WARN_INT_CONVERSION = YES;
				CLANG_WARN_NON_LITERAL_NULL_CONVERSION = YES;
				CLANG_WARN_OBJC_IMPLICIT_RETAIN_SELF = YES;
				CLANG_WARN_OBJC_LITERAL_CONVERSION = YES;
				CLANG_WARN_OBJC_ROOT_CLASS = YES_ERROR;
				CLANG_WARN_QUOTED_INCLUDE_IN_FRAMEWORK_HEADER = YES;
				CLANG_WARN_RANGE_LOOP_ANALYSIS = YES;
				CLANG_WARN_STRICT_PROTOTYPES = YES;
				CLANG_WARN_SUSPICIOUS_MOVE = YES;
				CLANG_WARN_UNGUARDED_AVAILABILITY = YES_AGGRESSIVE;
				CLANG_WARN_UNREACHABLE_CODE = YES;
				CLANG_WARN__DUPLICATE_METHOD_MATCH = YES;
				COPY_PHASE_STRIP = NO;
				DEBUG_INFORMATION_FORMAT = "dwarf-with-dsym";
				ENABLE_NS_ASSERTIONS = NO;
				ENABLE_STRICT_OBJC_MSGSEND = YES;
				GCC_C_LANGUAGE_STANDARD = gnu17;
				GCC_NO_COMMON_BLOCKS = YES;
				GCC_WARN_64_TO_32_BIT_CONVERSION = YES;
				GCC_WARN_ABOUT_RETURN_TYPE = YES_ERROR;
				GCC_WARN_UNDECLARED_SELECTOR = YES;
				GCC_WARN_UNINITIALIZED_AUTOS = YES_AGGRESSIVE;
				GCC_WARN_UNUSED_FUNCTION = YES;
				GCC_WARN_UNUSED_VARIABLE = YES;
				IPHONEOS_DEPLOYMENT_TARGET = 17.0;
				LOCALIZATION_PREFERS_STRING_CATALOGS = YES;
				MTL_ENABLE_DEBUG_INFO = NO;
				MTL_FAST_MATH = YES;
				SDKROOT = iphoneos;
				SWIFT_COMPILATION_MODE = wholemodule;
				VALIDATE_PRODUCT = YES;
			};
			name = Release;
		};
		AF000031 /* Debug */ = {
			isa = XCBuildConfiguration;
			buildSettings = {
				CODE_SIGN_STYLE = Automatic;
				CURRENT_PROJECT_VERSION = 1;
				DEVELOPMENT_TEAM = "";
				ENABLE_PREVIEWS = YES;
				GENERATE_INFOPLIST_FILE = YES;
				INFOPLIST_KEY_CFBundleDisplayName = AfterParty;
				INFOPLIST_KEY_LSApplicationCategoryType = "public.app-category.healthcare-fitness";
				INFOPLIST_KEY_UIApplicationSupportsIndirectInputEvents = YES;
				INFOPLIST_KEY_UILaunchScreen_Generation = YES;
				INFOPLIST_KEY_UISupportedInterfaceOrientations_iPhone = (
					UIInterfaceOrientationPortrait,
				);
				IPHONEOS_DEPLOYMENT_TARGET = 17.0;
				MARKETING_VERSION = 1.0;
				PRODUCT_BUNDLE_IDENTIFIER = com.fasthacks.AfterParty;
				PRODUCT_NAME = "$(TARGET_NAME)";
				SUPPORTED_PLATFORMS = "iphoneos iphonesimulator";
				SUPPORTS_MACCATALYST = NO;
				SUPPORTS_MAC_DESIGNED_FOR_IPHONE_IPAD = NO;
				SWIFT_EMIT_LOC_STRINGS = YES;
				SWIFT_VERSION = 6.0;
				TARGETED_DEVICE_FAMILY = 1;
			};
			name = Debug;
		};
		AF000032 /* Release */ = {
			isa = XCBuildConfiguration;
			buildSettings = {
				CODE_SIGN_STYLE = Automatic;
				CURRENT_PROJECT_VERSION = 1;
				DEVELOPMENT_TEAM = "";
				ENABLE_PREVIEWS = YES;
				GENERATE_INFOPLIST_FILE = YES;
				INFOPLIST_KEY_CFBundleDisplayName = AfterParty;
				INFOPLIST_KEY_LSApplicationCategoryType = "public.app-category.healthcare-fitness";
				INFOPLIST_KEY_UIApplicationSupportsIndirectInputEvents = YES;
				INFOPLIST_KEY_UILaunchScreen_Generation = YES;
				INFOPLIST_KEY_UISupportedInterfaceOrientations_iPhone = (
					UIInterfaceOrientationPortrait,
				);
				IPHONEOS_DEPLOYMENT_TARGET = 17.0;
				MARKETING_VERSION = 1.0;
				PRODUCT_BUNDLE_IDENTIFIER = com.fasthacks.AfterParty;
				PRODUCT_NAME = "$(TARGET_NAME)";
				SUPPORTED_PLATFORMS = "iphoneos iphonesimulator";
				SUPPORTS_MACCATALYST = NO;
				SUPPORTS_MAC_DESIGNED_FOR_IPHONE_IPAD = NO;
				SWIFT_EMIT_LOC_STRINGS = YES;
				SWIFT_VERSION = 6.0;
				TARGETED_DEVICE_FAMILY = 1;
			};
			name = Release;
		};
/* End XCBuildConfiguration section */

/* Begin XCConfigurationList section */
		AF000020 /* Build configuration list for PBXProject "AfterParty" */ = {
			isa = XCConfigurationList;
			buildConfigurations = (
				AF000021 /* Debug */,
				AF000022 /* Release */,
			);
			defaultConfigurationIsVisible = 0;
			defaultConfigurationName = Release;
		};
		AF000030 /* Build configuration list for PBXNativeTarget "AfterParty" */ = {
			isa = XCConfigurationList;
			buildConfigurations = (
				AF000031 /* Debug */,
				AF000032 /* Release */,
			);
			defaultConfigurationIsVisible = 0;
			defaultConfigurationName = Release;
		};
/* End XCConfigurationList section */
	};
	rootObject = AF000000 /* Project object */;
}
